
Microsoft Visual Studio Solution File, Format Version 12.00
# Visual Studio Version 16
VisualStudioVersion = 16.0.30114.105
MinimumVisualStudioVersion = 10.0.40219.1
Project("{2150E333-8FDC-42A3-9474-1A3956D46DE8}") = "src", "src", "{BDADBF43-A6EF-46A9-9C10-088EA167C936}"
EndProject
Project("{FAE04EC0-301F-11D3-BF4B-00C04F79EFBC}") = "WebAPI", "src\WebAPI\WebAPI.csproj", "{85C0787E-E3A2-4E0D-BA95-FB056F07971C}"
EndProject
Project("{FAE04EC0-301F-11D3-BF4B-00C04F79EFBC}") = "Application", "src\Application\Application.csproj", "{388A27B3-05C4-4B55-8447-8A0E0BD04D28}"
EndProject
Project("{FAE04EC0-301F-11D3-BF4B-00C04F79EFBC}") = "Domain", "src\Domain\Domain.csproj", "{AC4E642D-0666-4965-8198-1D2F9B68B1E7}"
EndProject
Project("{FAE04EC0-301F-11D3-BF4B-00C04F79EFBC}") = "Infrastructure", "src\Infrastructure\Infrastructure.csproj", "{EF95AE28-5A99-4DB6-9D61-E16DBD09AFA8}"
EndProject
Project("{FAE04EC0-301F-11D3-BF4B-00C04F79EFBC}") = "SDK", "src\SDK\SDK.csproj", "{389691FB-FCA0-439C-8725-29C2BBE69F91}"
EndProject
Project("{2150E333-8FDC-42A3-9474-1A3956D46DE8}") = "tests", "tests", "{7A622F18-9B54-41B4-A928-D1371123C18D}"
EndProject
Project("{FAE04EC0-301F-11D3-BF4B-00C04F79EFBC}") = "UnitTests", "tests\UnitTests\UnitTests.csproj", "{08EB3972-290D-43CC-BB06-5A7E7583B738}"
EndProject
Global
	GlobalSection(SolutionConfigurationPlatforms) = preSolution
		Debug|Any CPU = Debug|Any CPU
		Debug|x64 = Debug|x64
		Debug|x86 = Debug|x86
		Release|Any CPU = Release|Any CPU
		Release|x64 = Release|x64
		Release|x86 = Release|x86
	EndGlobalSection
	GlobalSection(SolutionProperties) = preSolution
		HideSolutionNode = FALSE
	EndGlobalSection
	GlobalSection(ProjectConfigurationPlatforms) = postSolution
		{85C0787E-E3A2-4E0D-BA95-FB056F07971C}.Debug|Any CPU.ActiveCfg = Debug|Any CPU
		{85C0787E-E3A2-4E0D-BA95-FB056F07971C}.Debug|Any CPU.Build.0 = Debug|Any CPU
		{85C0787E-E3A2-4E0D-BA95-FB056F07971C}.Debug|x64.ActiveCfg = Debug|Any CPU
		{85C0787E-E3A2-4E0D-BA95-FB056F07971C}.Debug|x64.Build.0 = Debug|Any CPU
		{85C0787E-E3A2-4E0D-BA95-FB056F07971C}.Debug|x86.ActiveCfg = Debug|Any CPU
		{85C0787E-E3A2-4E0D-BA95-FB056F07971C}.Debug|x86.Build.0 = Debug|Any CPU
		{85C0787E-E3A2-4E0D-BA95-FB056F07971C}.Release|Any CPU.ActiveCfg = Release|Any CPU
		{85C0787E-E3A2-4E0D-BA95-FB056F07971C}.Release|Any CPU.Build.0 = Release|Any CPU
		{85C0787E-E3A2-4E0D-BA95-FB056F07971C}.Release|x64.ActiveCfg = Release|Any CPU
		{85C0787E-E3A2-4E0D-BA95-FB056F07971C}.Release|x64.Build.0 = Release|Any CPU
		{85C0787E-E3A2-4E0D-BA95-FB056F07971C}.Release|x86.ActiveCfg = Release|Any CPU
		{85C0787E-E3A2-4E0D-BA95-FB056F07971C}.Release|x86.Build.0 = Release|Any CPU
		{388A27B3-05C4-4B55-8447-8A0E0BD04D28}.Debug|Any CPU.ActiveCfg = Debug|Any CPU
		{388A27B3-05C4-4B55-8447-8A0E0BD04D28}.Debug|Any CPU.Build.0 = Debug|Any CPU
		{388A27B3-05C4-4B55-8447-8A0E0BD04D28}.Debug|x64.ActiveCfg = Debug|Any CPU
		{388A27B3-05C4-4B55-8447-8A0E0BD04D28}.Debug|x64.Build.0 = Debug|Any CPU
		{388A27B3-05C4-4B55-8447-8A0E0BD04D28}.Debug|x86.ActiveCfg = Debug|Any CPU
		{388A27B3-05C4-4B55-8447-8A0E0BD04D28}.Debug|x86.Build.0 = Debug|Any CPU
		{388A27B3-05C4-4B55-8447-8A0E0BD04D28}.Release|Any CPU.ActiveCfg = Release|Any CPU
		{388A27B3-05C4-4B55-8447-8A0E0BD04D28}.Release|Any CPU.Build.0 = Release|Any CPU
		{388A27B3-05C4-4B55-8447-8A0E0BD04D28}.Release|x64.ActiveCfg = Release|Any CPU
		{388A27B3-05C4-4B55-8447-8A0E0BD04D28}.Release|x64.Build.0 = Release|Any CPU
		{388A27B3-05C4-4B55-8447-8A0E0BD04D28}.Release|x86.ActiveCfg = Release|Any CPU
		{388A27B3-05C4-4B55-8447-8A0E0BD04D28}.Release|x86.Build.0 = Release|Any CPU
		{AC4E642D-0666-4965-8198-1D2F9B68B1E7}.Debug|Any CPU.ActiveCfg = Debug|Any CPU
		{AC4E642D-0666-4965-8198-1D2F9B68B1E7}.Debug|Any CPU.Build.0 = Debug|Any CPU
		{AC4E642D-0666-4965-8198-1D2F9B68B1E7}.Debug|x64.ActiveCfg = Debug|Any CPU
		{AC4E642D-0666-4965-8198-1D2F9B68B1E7}.Debug|x64.Build.0 = Debug|Any CPU
		{AC4E642D-0666-4965-8198-1D2F9B68B1E7}.Debug|x86.ActiveCfg = Debug|Any CPU
		{AC4E642D-0666-4965-8198-1D2F9B68B1E7}.Debug|x86.Build.0 = Debug|Any CPU
		{AC4E642D-0666-4965-8198-1D2F9B68B1E7}.Release|Any CPU.ActiveCfg = Release|Any CPU
		{AC4E642D-0666-4965-8198-1D2F9B68B1E7}.Release|Any CPU.Build.0 = Release|Any CPU
		{AC4E642D-0666-4965-8198-1D2F9B68B1E7}.Release|x64.ActiveCfg = Release|Any CPU
		{AC4E642D-0666-4965-8198-1D2F9B68B1E7}.Release|x64.Build.0 = Release|Any CPU
		{AC4E642D-0666-4965-8198-1D2F9B68B1E7}.Release|x86.ActiveCfg = Release|Any CPU
		{AC4E642D-0666-4965-8198-1D2F9B68B1E7}.Release|x86.Build.0 = Release|Any CPU
		{EF95AE28-5A99-4DB6-9D61-E16DBD09AFA8}.Debug|Any CPU.ActiveCfg = Debug|Any CPU
		{EF95AE28-5A99-4DB6-9D61-E16DBD09AFA8}.Debug|Any CPU.Build.0 = Debug|Any CPU
		{EF95AE28-5A99-4DB6-9D61-E16DBD09AFA8}.Debug|x64.ActiveCfg = Debug|Any CPU
		{EF95AE28-5A99-4DB6-9D61-E16DBD09AFA8}.Debug|x64.Build.0 = Debug|Any CPU
		{EF95AE28-5A99-4DB6-9D61-E16DBD09AFA8}.Debug|x86.ActiveCfg = Debug|Any CPU
		{EF95AE28-5A99-4DB6-9D61-E16DBD09AFA8}.Debug|x86.Build.0 = Debug|Any CPU
		{EF95AE28-5A99-4DB6-9D61-E16DBD09AFA8}.Release|Any CPU.ActiveCfg = Release|Any CPU
		{EF95AE28-5A99-4DB6-9D61-E16DBD09AFA8}.Release|Any CPU.Build.0 = Release|Any CPU
		{EF95AE28-5A99-4DB6-9D61-E16DBD09AFA8}.Release|x64.ActiveCfg = Release|Any CPU
		{EF95AE28-5A99-4DB6-9D61-E16DBD09AFA8}.Release|x64.Build.0 = Release|Any CPU
		{EF95AE28-5A99-4DB6-9D61-E16DBD09AFA8}.Release|x86.ActiveCfg = Release|Any CPU
		{EF95AE28-5A99-4DB6-9D61-E16DBD09AFA8}.Release|x86.Build.0 = Release|Any CPU
		{389691FB-FCA0-439C-8725-29C2BBE69F91}.Debug|Any CPU.ActiveCfg = Debug|Any CPU
		{389691FB-FCA0-439C-8725-29C2BBE69F91}.Debug|Any CPU.Build.0 = Debug|Any CPU
		{389691FB-FCA0-439C-8725-29C2BBE69F91}.Debug|x64.ActiveCfg = Debug|Any CPU
		{389691FB-FCA0-439C-8725-29C2BBE69F91}.Debug|x64.Build.0 = Debug|Any CPU
		{389691FB-FCA0-439C-8725-29C2BBE69F91}.Debug|x86.ActiveCfg = Debug|Any CPU
		{389691FB-FCA0-439C-8725-29C2BBE69F91}.Debug|x86.Build.0 = Debug|Any CPU
		{389691FB-FCA0-439C-8725-29C2BBE69F91}.Release|Any CPU.ActiveCfg = Release|Any CPU
		{389691FB-FCA0-439C-8725-29C2BBE69F91}.Release|Any CPU.Build.0 = Release|Any CPU
		{389691FB-FCA0-439C-8725-29C2BBE69F91}.Release|x64.ActiveCfg = Release|Any CPU
		{389691FB-FCA0-439C-8725-29C2BBE69F91}.Release|x64.Build.0 = Release|Any CPU
		{389691FB-FCA0-439C-8725-29C2BBE69F91}.Release|x86.ActiveCfg = Release|Any CPU
		{389691FB-FCA0-439C-8725-29C2BBE69F91}.Release|x86.Build.0 = Release|Any CPU
		{08EB3972-290D-43CC-BB06-5A7E7583B738}.Debug|Any CPU.ActiveCfg = Debug|Any CPU
		{08EB3972-290D-43CC-BB06-5A7E7583B738}.Debug|Any CPU.Build.0 = Debug|Any CPU
		{08EB3972-290D-43CC-BB06-5A7E7583B738}.Debug|x64.ActiveCfg = Debug|Any CPU
		{08EB3972-290D-43CC-BB06-5A7E7583B738}.Debug|x64.Build.0 = Debug|Any CPU
		{08EB3972-290D-43CC-BB06-5A7E7583B738}.Debug|x86.ActiveCfg = Debug|Any CPU
		{08EB3972-290D-43CC-BB06-5A7E7583B738}.Debug|x86.Build.0 = Debug|Any CPU
		{08EB3972-290D-43CC-BB06-5A7E7583B738}.Release|Any CPU.ActiveCfg = Release|Any CPU
		{08EB3972-290D-43CC-BB06-5A7E7583B738}.Release|Any CPU.Build.0 = Release|Any CPU
		{08EB3972-290D-43CC-BB06-5A7E7583B738}.Release|x64.ActiveCfg = Release|Any CPU
		{08EB3972-290D-43CC-BB06-5A7E7583B738}.Release|x64.Build.0 = Release|Any CPU
		{08EB3972-290D-43CC-BB06-5A7E7583B738}.Release|x86.ActiveCfg = Release|Any CPU
		{08EB3972-290D-43CC-BB06-5A7E7583B738}.Release|x86.Build.0 = Release|Any CPU
	EndGlobalSection
	GlobalSection(NestedProjects) = preSolution
		{85C0787E-E3A2-4E0D-BA95-FB056F07971C} = {BDADBF43-A6EF-46A9-9C10-088EA167C936}
		{388A27B3-05C4-4B55-8447-8A0E0BD04D28} = {BDADBF43-A6EF-46A9-9C10-088EA167C936}
		{AC4E642D-0666-4965-8198-1D2F9B68B1E7} = {BDADBF43-A6EF-46A9-9C10-088EA167C936}
		{EF95AE28-5A99-4DB6-9D61-E16DBD09AFA8} = {BDADBF43-A6EF-46A9-9C10-088EA167C936}
		{389691FB-FCA0-439C-8725-29C2BBE69F91} = {BDADBF43-A6EF-46A9-9C10-088EA167C936}
		{08EB3972-290D-43CC-BB06-5A7E7583B738} = {7A622F18-9B54-41B4-A928-D1371123C18D}
	EndGlobalSection
EndGlobal
